
Microsoft Visual Studio Solution File, Format Version 12.00
# Visual Studio Version 16
VisualStudioVersion = 16.0.30309.148
MinimumVisualStudioVersion = 10.0.40219.1
Project("{FAE04EC0-301F-11D3-BF4B-00C04F79EFBC}") = "FirebaseConsoleApp", "FirebaseConsoleApp\FirebaseConsoleApp.csproj", "{3C184F63-B6D4-463C-9EE7-8AD02FD7BFEF}"
EndProject
Project("{FAE04EC0-301F-11D3-BF4B-00C04F79EFBC}") = "FirebaseWebApplication", "FirebaseWebApplication\FirebaseWebApplication.csproj", "{294F225A-D853-469D-BDDB-F37B1D191E30}"
EndProject
Project("{FAE04EC0-301F-11D3-BF4B-00C04F79EFBC}") = "FirebaseClassLibrary", "FirebaseClassLibrary\FirebaseClassLibrary.csproj", "{8CBC1E7A-BDC7-427F-8416-92BD2268B0E2}"
EndProject
Global
	GlobalSection(SolutionConfigurationPlatforms) = preSolution
		Debug|Any CPU = Debug|Any CPU
		Release|Any CPU = Release|Any CPU
	EndGlobalSection
	GlobalSection(ProjectConfigurationPlatforms) = postSolution
		{3C184F63-B6D4-463C-9EE7-8AD02FD7BFEF}.Debug|Any CPU.ActiveCfg = Debug|Any CPU
		{3C184F63-B6D4-463C-9EE7-8AD02FD7BFEF}.Debug|Any CPU.Build.0 = Debug|Any CPU
		{3C184F63-B6D4-463C-9EE7-8AD02FD7BFEF}.Release|Any CPU.ActiveCfg = Release|Any CPU
		{3C184F63-B6D4-463C-9EE7-8AD02FD7BFEF}.Release|Any CPU.Build.0 = Release|Any CPU
		{294F225A-D853-469D-BDDB-F37B1D191E30}.Debug|Any CPU.ActiveCfg = Debug|Any CPU
		{294F225A-D853-469D-BDDB-F37B1D191E30}.Debug|Any CPU.Build.0 = Debug|Any CPU
		{294F225A-D853-469D-BDDB-F37B1D191E30}.Release|Any CPU.ActiveCfg = Release|Any CPU
		{294F225A-D853-469D-BDDB-F37B1D191E30}.Release|Any CPU.Build.0 = Release|Any CPU
		{8CBC1E7A-BDC7-427F-8416-92BD2268B0E2}.Debug|Any CPU.ActiveCfg = Debug|Any CPU
		{8CBC1E7A-BDC7-427F-8416-92BD2268B0E2}.Debug|Any CPU.Build.0 = Debug|Any CPU
		{8CBC1E7A-BDC7-427F-8416-92BD2268B0E2}.Release|Any CPU.ActiveCfg = Release|Any CPU
		{8CBC1E7A-BDC7-427F-8416-92BD2268B0E2}.Release|Any CPU.Build.0 = Release|Any CPU
	EndGlobalSection
	GlobalSection(SolutionProperties) = preSolution
		HideSolutionNode = FALSE
	EndGlobalSection
	GlobalSection(ExtensibilityGlobals) = postSolution
		SolutionGuid = {1E16A1FA-8D82-44EA-B22E-A93D31DE3475}
	EndGlobalSection
EndGlobal
